
Microsoft Visual Studio Solution File, Format Version 12.00
# Visual Studio Version 16
VisualStudioVersion = 16.0.32428.217
MinimumVisualStudioVersion = 10.0.40219.1
Project("{9A19103F-16F7-4668-BE54-9A1E7A4F7556}") = "TimeCore.API", "TimeCore.API\TimeCore.API.csproj", "{57442D84-840F-41CC-B18D-A0BD52AC56C6}"
EndProject
Project("{9A19103F-16F7-4668-BE54-9A1E7A4F7556}") = "TimeCore.Client", "TimeCore.Client\TimeCore.Client.csproj", "{0625693E-7A42-4A7B-9466-FF9A33D14547}"
EndProject
Project("{9A19103F-16F7-4668-BE54-9A1E7A4F7556}") = "TimeCore.Model", "TimeCore.Model\TimeCore.Model.csproj", "{90BA3D2F-E243-461D-9CFF-926D4EED00F6}"
EndProject
Project("{9A19103F-16F7-4668-BE54-9A1E7A4F7556}") = "TimeCore.ModelService", "TimeCore.ModelService\TimeCore.ModelService.csproj", "{96E7ECFB-CC62-41EE-8E56-C08531993860}"
EndProject
Project("{9A19103F-16F7-4668-BE54-9A1E7A4F7556}") = "TimeCore.Test", "TimeCore.Test\TimeCore.Test.csproj", "{B56314EF-3991-43C5-A43C-AD8A82818C59}"
EndProject
Project("{9A19103F-16F7-4668-BE54-9A1E7A4F7556}") = "TimeCore.ModulService", "TimeCore.ModulService\TimeCore.ModulService.csproj", "{938014FE-E981-4B91-B936-01469279F8C1}"
EndProject
Project("{9A19103F-16F7-4668-BE54-9A1E7A4F7556}") = "TimeCore.ModelService.EFC.SQL", "TimeCore.ModelService.EFC.SQL\TimeCore.ModelService.EFC.SQL.csproj", "{D4A49275-4988-47C8-83FA-093F35C4106A}"
EndProject
Project("{9A19103F-16F7-4668-BE54-9A1E7A4F7556}") = "TimeCore.ConfigurationModulService", "TimeCore.ConfigurationModulService\TimeCore.ConfigurationModulService.csproj", "{727DB2ED-374E-4A41-BF47-AFEEC7AB39E8}"
EndProject
Project("{9A19103F-16F7-4668-BE54-9A1E7A4F7556}") = "TimeCore.ErrorHandler", "TimeCore.ErrorHandler\TimeCore.ErrorHandler.csproj", "{5A34F981-2955-4914-8832-FA969797731E}"
EndProject
Project("{9A19103F-16F7-4668-BE54-9A1E7A4F7556}") = "TimeCore.Client.ASPNET", "TimeCore.Client.ASPNET\TimeCore.Client.ASPNET.csproj", "{2A17A4FE-66F4-455B-8E97-28F61FE8AD74}"
EndProject
Global
	GlobalSection(SolutionConfigurationPlatforms) = preSolution
		Debug|Any CPU = Debug|Any CPU
		Release|Any CPU = Release|Any CPU
	EndGlobalSection
	GlobalSection(ProjectConfigurationPlatforms) = postSolution
		{57442D84-840F-41CC-B18D-A0BD52AC56C6}.Debug|Any CPU.ActiveCfg = Debug|Any CPU
		{57442D84-840F-41CC-B18D-A0BD52AC56C6}.Debug|Any CPU.Build.0 = Debug|Any CPU
		{57442D84-840F-41CC-B18D-A0BD52AC56C6}.Release|Any CPU.ActiveCfg = Release|Any CPU
		{57442D84-840F-41CC-B18D-A0BD52AC56C6}.Release|Any CPU.Build.0 = Release|Any CPU
		{0625693E-7A42-4A7B-9466-FF9A33D14547}.Debug|Any CPU.ActiveCfg = Debug|Any CPU
		{0625693E-7A42-4A7B-9466-FF9A33D14547}.Debug|Any CPU.Build.0 = Debug|Any CPU
		{0625693E-7A42-4A7B-9466-FF9A33D14547}.Release|Any CPU.ActiveCfg = Release|Any CPU
		{0625693E-7A42-4A7B-9466-FF9A33D14547}.Release|Any CPU.Build.0 = Release|Any CPU
		{90BA3D2F-E243-461D-9CFF-926D4EED00F6}.Debug|Any CPU.ActiveCfg = Debug|Any CPU
		{90BA3D2F-E243-461D-9CFF-926D4EED00F6}.Debug|Any CPU.Build.0 = Debug|Any CPU
		{90BA3D2F-E243-461D-9CFF-926D4EED00F6}.Release|Any CPU.ActiveCfg = Release|Any CPU
		{90BA3D2F-E243-461D-9CFF-926D4EED00F6}.Release|Any CPU.Build.0 = Release|Any CPU
		{96E7ECFB-CC62-41EE-8E56-C08531993860}.Debug|Any CPU.ActiveCfg = Debug|Any CPU
		{96E7ECFB-CC62-41EE-8E56-C08531993860}.Debug|Any CPU.Build.0 = Debug|Any CPU
		{96E7ECFB-CC62-41EE-8E56-C08531993860}.Release|Any CPU.ActiveCfg = Release|Any CPU
		{96E7ECFB-CC62-41EE-8E56-C08531993860}.Release|Any CPU.Build.0 = Release|Any CPU
		{B56314EF-3991-43C5-A43C-AD8A82818C59}.Debug|Any CPU.ActiveCfg = Debug|Any CPU
		{B56314EF-3991-43C5-A43C-AD8A82818C59}.Debug|Any CPU.Build.0 = Debug|Any CPU
		{B56314EF-3991-43C5-A43C-AD8A82818C59}.Release|Any CPU.ActiveCfg = Release|Any CPU
		{B56314EF-3991-43C5-A43C-AD8A82818C59}.Release|Any CPU.Build.0 = Release|Any CPU
		{938014FE-E981-4B91-B936-01469279F8C1}.Debug|Any CPU.ActiveCfg = Debug|Any CPU
		{938014FE-E981-4B91-B936-01469279F8C1}.Debug|Any CPU.Build.0 = Debug|Any CPU
		{938014FE-E981-4B91-B936-01469279F8C1}.Release|Any CPU.ActiveCfg = Release|Any CPU
		{938014FE-E981-4B91-B936-01469279F8C1}.Release|Any CPU.Build.0 = Release|Any CPU
		{D4A49275-4988-47C8-83FA-093F35C4106A}.Debug|Any CPU.ActiveCfg = Debug|Any CPU
		{D4A49275-4988-47C8-83FA-093F35C4106A}.Debug|Any CPU.Build.0 = Debug|Any CPU
		{D4A49275-4988-47C8-83FA-093F35C4106A}.Release|Any CPU.ActiveCfg = Release|Any CPU
		{D4A49275-4988-47C8-83FA-093F35C4106A}.Release|Any CPU.Build.0 = Release|Any CPU
		{727DB2ED-374E-4A41-BF47-AFEEC7AB39E8}.Debug|Any CPU.ActiveCfg = Debug|Any CPU
		{727DB2ED-374E-4A41-BF47-AFEEC7AB39E8}.Debug|Any CPU.Build.0 = Debug|Any CPU
		{727DB2ED-374E-4A41-BF47-AFEEC7AB39E8}.Release|Any CPU.ActiveCfg = Release|Any CPU
		{727DB2ED-374E-4A41-BF47-AFEEC7AB39E8}.Release|Any CPU.Build.0 = Release|Any CPU
		{5A34F981-2955-4914-8832-FA969797731E}.Debug|Any CPU.ActiveCfg = Debug|Any CPU
		{5A34F981-2955-4914-8832-FA969797731E}.Debug|Any CPU.Build.0 = Debug|Any CPU
		{5A34F981-2955-4914-8832-FA969797731E}.Release|Any CPU.ActiveCfg = Release|Any CPU
		{5A34F981-2955-4914-8832-FA969797731E}.Release|Any CPU.Build.0 = Release|Any CPU
		{2A17A4FE-66F4-455B-8E97-28F61FE8AD74}.Debug|Any CPU.ActiveCfg = Debug|Any CPU
		{2A17A4FE-66F4-455B-8E97-28F61FE8AD74}.Debug|Any CPU.Build.0 = Debug|Any CPU
		{2A17A4FE-66F4-455B-8E97-28F61FE8AD74}.Release|Any CPU.ActiveCfg = Release|Any CPU
		{2A17A4FE-66F4-455B-8E97-28F61FE8AD74}.Release|Any CPU.Build.0 = Release|Any CPU
	EndGlobalSection
	GlobalSection(SolutionProperties) = preSolution
		HideSolutionNode = FALSE
	EndGlobalSection
	GlobalSection(ExtensibilityGlobals) = postSolution
		SolutionGuid = {6EB7F03E-EF59-41D9-9C76-4A3DC58A053E}
	EndGlobalSection
EndGlobal
